
Microsoft Visual Studio Solution File, Format Version 12.00
# Visual Studio Version 17
VisualStudioVersion = 17.2.32519.379
MinimumVisualStudioVersion = 10.0.40219.1
Project("{9A19103F-16F7-4668-BE54-9A1E7A4F7556}") = "DeMozzWeb", "DeMozzWeb\DeMozzWeb.csproj", "{CAD90E36-32B5-4163-AF07-26EE2A5CA566}"
EndProject
Global
	GlobalSection(SolutionConfigurationPlatforms) = preSolution
		Debug|Any CPU = Debug|Any CPU
		Release|Any CPU = Release|Any CPU
	EndGlobalSection
	GlobalSection(ProjectConfigurationPlatforms) = postSolution
		{CAD90E36-32B5-4163-AF07-26EE2A5CA566}.Debug|Any CPU.ActiveCfg = Debug|Any CPU
		{CAD90E36-32B5-4163-AF07-26EE2A5CA566}.Debug|Any CPU.Build.0 = Debug|Any CPU
		{CAD90E36-32B5-4163-AF07-26EE2A5CA566}.Release|Any CPU.ActiveCfg = Release|Any CPU
		{CAD90E36-32B5-4163-AF07-26EE2A5CA566}.Release|Any CPU.Build.0 = Release|Any CPU
	EndGlobalSection
	GlobalSection(SolutionProperties) = preSolution
		HideSolutionNode = FALSE
	EndGlobalSection
	GlobalSection(ExtensibilityGlobals) = postSolution
		SolutionGuid = {05E279C5-3BBF-441A-AB48-613295AAE71F}
	EndGlobalSection
EndGlobal
